# This file was autogenerated by Stack.
# You should not edit this file by hand.
# For more information, please see the documentation at:
#   https://docs.haskellstack.org/en/stable/lock_files

packages:
- completed:
    cabal-file:
      size: 1841
      sha256: dcf88a87adb121a466db6fd7302643975f2332feb5608beaa4bd97e6522dbd7f
    name: circuit-adornt-build
    version: 0.1.0.0
    git: https://github.com/YoshikuniJujo/circuit-adornt-build.git
    pantry-tree:
      size: 776
      sha256: 7ffa83b346fed60cf5b46a27a2ed63430e2f772f5f1158911ccca90f4d200a11
    commit: 4496879528fed8b78f26a822ec59e353aef7d4e3
  original:
    git: https://github.com/YoshikuniJujo/circuit-adornt-build.git
    commit: 4496879528fed8b78f26a822ec59e353aef7d4e3
- completed:
    cabal-file:
      size: 4015
      sha256: ce3d5d9237deec82e6c1d67f142fdb76ba51713bb38978df8e9b65bc30a2f42a
    name: circuit-diagram-dsl
    version: 0.1.0.0
    git: https://github.com/YoshikuniJujo/circuit-diagram-dsl.git
    pantry-tree:
      size: 1410
      sha256: 7f67cc5223a1fbdac7566a99dd8b9c3612c4b0ad3dcd2f394326a1332ba88617
    commit: 857f0422eeea4843150982ab993de985b54063d9
  original:
    git: https://github.com/YoshikuniJujo/circuit-diagram-dsl.git
    commit: 857f0422eeea4843150982ab993de985b54063d9
- completed:
    cabal-file:
      size: 1431
      sha256: 0502041cd22edff5f04746120e6afa587b027435a794326387832071b5861833
    name: circuit-adornt-parts
    version: 0.1.0.0
    git: https://github.com/YoshikuniJujo/circuit-adornt-parts.git
    pantry-tree:
      size: 521
      sha256: 860891962ef0e850f03587c90074235699ffb0e985c34621164b65c7f41c1f2a
    commit: 5b836424e55ac4f9aadea3f8143a9ec57ceba214
  original:
    git: https://github.com/YoshikuniJujo/circuit-adornt-parts.git
    commit: 5b836424e55ac4f9aadea3f8143a9ec57ceba214
snapshots:
- completed:
    size: 523443
    url: https://raw.githubusercontent.com/commercialhaskell/stackage-snapshots/master/lts/14/0.yaml
    sha256: 283773e7120f5446d961eab35ea95c9af9c24187cc178537bd29273200a05171
  original: lts-14.0
