# This file was autogenerated by Stack.
# You should not edit this file by hand.
# For more information, please see the documentation at:
#   https://docs.haskellstack.org/en/stable/lock_files

packages:
- completed:
    cabal-file:
      size: 1841
      sha256: dcf88a87adb121a466db6fd7302643975f2332feb5608beaa4bd97e6522dbd7f
    name: circuit-adornt-build
    version: 0.1.0.0
    git: https://github.com/YoshikuniJujo/circuit-adornt-build.git
    pantry-tree:
      size: 776
      sha256: 7ffa83b346fed60cf5b46a27a2ed63430e2f772f5f1158911ccca90f4d200a11
    commit: 4496879528fed8b78f26a822ec59e353aef7d4e3
  original:
    git: https://github.com/YoshikuniJujo/circuit-adornt-build.git
    commit: 4496879528fed8b78f26a822ec59e353aef7d4e3
- completed:
    cabal-file:
      size: 4449
      sha256: 3f3f72585d6fb1177b2ab93bc1ab9a2a0daf223c32db8375f21aef95ed10b1a6
    name: circuit-diagram-dsl
    version: 0.1.0.0
    git: https://github.com/YoshikuniJujo/circuit-diagram-dsl.git
    pantry-tree:
      size: 1469
      sha256: 06601cefc2b3d712158f7d817426ef6996fa769bc9c655afeaf39a4f37306c6a
    commit: becfa33e4111849464309e2e78c5317f7d744d60
  original:
    git: https://github.com/YoshikuniJujo/circuit-diagram-dsl.git
    commit: becfa33e4111849464309e2e78c5317f7d744d60
- completed:
    cabal-file:
      size: 1431
      sha256: 0502041cd22edff5f04746120e6afa587b027435a794326387832071b5861833
    name: circuit-adornt-parts
    version: 0.1.0.0
    git: https://github.com/YoshikuniJujo/circuit-adornt-parts.git
    pantry-tree:
      size: 521
      sha256: 860891962ef0e850f03587c90074235699ffb0e985c34621164b65c7f41c1f2a
    commit: 5b836424e55ac4f9aadea3f8143a9ec57ceba214
  original:
    git: https://github.com/YoshikuniJujo/circuit-adornt-parts.git
    commit: 5b836424e55ac4f9aadea3f8143a9ec57ceba214
snapshots:
- completed:
    size: 523443
    url: https://raw.githubusercontent.com/commercialhaskell/stackage-snapshots/master/lts/14/0.yaml
    sha256: 283773e7120f5446d961eab35ea95c9af9c24187cc178537bd29273200a05171
  original: lts-14.0
