# This file was autogenerated by Stack.
# You should not edit this file by hand.
# For more information, please see the documentation at:
#   https://docs.haskellstack.org/en/stable/lock_files

packages:
- completed:
    cabal-file:
      size: 1841
      sha256: dcf88a87adb121a466db6fd7302643975f2332feb5608beaa4bd97e6522dbd7f
    name: circuit-adornt-build
    version: 0.1.0.0
    git: https://github.com/YoshikuniJujo/circuit-adornt-build.git
    pantry-tree:
      size: 776
      sha256: 83de27932aa069709f6a4a75490bc3f2532f0b568b4ff3431e6206e9bb059261
    commit: 50759de5c3ba9814ccb9aa579f0e543b4455d98d
  original:
    git: https://github.com/YoshikuniJujo/circuit-adornt-build.git
    commit: 50759de5c3ba9814ccb9aa579f0e543b4455d98d
- completed:
    cabal-file:
      size: 5291
      sha256: 15e7ab0263d2ec67141cde9b2ec7023529b0b6a7fb11574e54d40e669dae51d0
    name: circuit-diagram-dsl
    version: 0.1.0.0
    git: https://github.com/YoshikuniJujo/circuit-diagram-dsl.git
    pantry-tree:
      size: 1567
      sha256: f18b4d98a9b0959b222520d945c5649331fe172b4cc5cd039dcd827a0359d0a6
    commit: 603118928a378a25a20f6a3adafb9504dafb471d
  original:
    git: https://github.com/YoshikuniJujo/circuit-diagram-dsl.git
    commit: 603118928a378a25a20f6a3adafb9504dafb471d
- completed:
    cabal-file:
      size: 1567
      sha256: e51da479f671961858460882105919604c455cf8b8302a4e56229893b7491e1a
    name: circuit-adornt-parts
    version: 0.1.0.0
    git: https://github.com/YoshikuniJujo/circuit-adornt-parts.git
    pantry-tree:
      size: 861
      sha256: 2ec5900a9768033f81468be10e1bd5e77ae975b2f905204c757841dd5d0263da
    commit: 94272553a36a76c90b5be9be8ac2a1a6497f027d
  original:
    git: https://github.com/YoshikuniJujo/circuit-adornt-parts.git
    commit: 94272553a36a76c90b5be9be8ac2a1a6497f027d
snapshots:
- completed:
    size: 523443
    url: https://raw.githubusercontent.com/commercialhaskell/stackage-snapshots/master/lts/14/0.yaml
    sha256: 283773e7120f5446d961eab35ea95c9af9c24187cc178537bd29273200a05171
  original: lts-14.0
